
Microsoft Visual Studio Solution File, Format Version 12.00
# Visual Studio Version 16
VisualStudioVersion = 16.0.31410.357
MinimumVisualStudioVersion = 10.0.40219.1
Project("{FAE04EC0-301F-11D3-BF4B-00C04F79EFBC}") = "PW.TestApp.31", "PW.TestApp.31\PW.TestApp.31.csproj", "{EDB39F31-A7D4-4BD7-BE3A-2009C78E74F7}"
EndProject
Global
	GlobalSection(SolutionConfigurationPlatforms) = preSolution
		Debug|Any CPU = Debug|Any CPU
		Release|Any CPU = Release|Any CPU
	EndGlobalSection
	GlobalSection(ProjectConfigurationPlatforms) = postSolution
		{EDB39F31-A7D4-4BD7-BE3A-2009C78E74F7}.Debug|Any CPU.ActiveCfg = Debug|Any CPU
		{EDB39F31-A7D4-4BD7-BE3A-2009C78E74F7}.Debug|Any CPU.Build.0 = Debug|Any CPU
		{EDB39F31-A7D4-4BD7-BE3A-2009C78E74F7}.Release|Any CPU.ActiveCfg = Release|Any CPU
		{EDB39F31-A7D4-4BD7-BE3A-2009C78E74F7}.Release|Any CPU.Build.0 = Release|Any CPU
	EndGlobalSection
	GlobalSection(SolutionProperties) = preSolution
		HideSolutionNode = FALSE
	EndGlobalSection
	GlobalSection(ExtensibilityGlobals) = postSolution
		SolutionGuid = {CD4FA088-45EA-489A-8095-94A5E49769BD}
	EndGlobalSection
EndGlobal
